
Microsoft Visual Studio Solution File, Format Version 12.00
# Visual Studio Version 17
VisualStudioVersion = 17.0.32002.185
MinimumVisualStudioVersion = 10.0.40219.1
Project("{FAE04EC0-301F-11D3-BF4B-00C04F79EFBC}") = "WebApplication1", "WebApplication1\WebApplication1.csproj", "{D013D5BF-24C3-40AA-A35D-4EBAE28F6C1D}"
EndProject
Project("{FAE04EC0-301F-11D3-BF4B-00C04F79EFBC}") = "ClassLibrary1", "ClassLibrary1\ClassLibrary1.csproj", "{9D38F986-8808-49D9-B621-4082E4B5CD4B}"
EndProject
Project("{FAE04EC0-301F-11D3-BF4B-00C04F79EFBC}") = "TestProject1", "TestProject1\TestProject1.csproj", "{B414FAE0-D853-4632-BCD1-AC9CD44F5494}"
EndProject
Global
	GlobalSection(SolutionConfigurationPlatforms) = preSolution
		Debug|Any CPU = Debug|Any CPU
		Release|Any CPU = Release|Any CPU
	EndGlobalSection
	GlobalSection(ProjectConfigurationPlatforms) = postSolution
		{D013D5BF-24C3-40AA-A35D-4EBAE28F6C1D}.Debug|Any CPU.ActiveCfg = Debug|Any CPU
		{D013D5BF-24C3-40AA-A35D-4EBAE28F6C1D}.Debug|Any CPU.Build.0 = Debug|Any CPU
		{D013D5BF-24C3-40AA-A35D-4EBAE28F6C1D}.Release|Any CPU.ActiveCfg = Release|Any CPU
		{D013D5BF-24C3-40AA-A35D-4EBAE28F6C1D}.Release|Any CPU.Build.0 = Release|Any CPU
		{9D38F986-8808-49D9-B621-4082E4B5CD4B}.Debug|Any CPU.ActiveCfg = Debug|Any CPU
		{9D38F986-8808-49D9-B621-4082E4B5CD4B}.Debug|Any CPU.Build.0 = Debug|Any CPU
		{9D38F986-8808-49D9-B621-4082E4B5CD4B}.Release|Any CPU.ActiveCfg = Release|Any CPU
		{9D38F986-8808-49D9-B621-4082E4B5CD4B}.Release|Any CPU.Build.0 = Release|Any CPU
		{B414FAE0-D853-4632-BCD1-AC9CD44F5494}.Debug|Any CPU.ActiveCfg = Debug|Any CPU
		{B414FAE0-D853-4632-BCD1-AC9CD44F5494}.Debug|Any CPU.Build.0 = Debug|Any CPU
		{B414FAE0-D853-4632-BCD1-AC9CD44F5494}.Release|Any CPU.ActiveCfg = Release|Any CPU
		{B414FAE0-D853-4632-BCD1-AC9CD44F5494}.Release|Any CPU.Build.0 = Release|Any CPU
	EndGlobalSection
	GlobalSection(SolutionProperties) = preSolution
		HideSolutionNode = FALSE
	EndGlobalSection
	GlobalSection(ExtensibilityGlobals) = postSolution
		SolutionGuid = {01C3C4C5-CC7A-4E14-9540-EBD884124EA2}
	EndGlobalSection
EndGlobal
